
Microsoft Visual Studio Solution File, Format Version 11.00
# Visual Studio 2010
Project("{FAE04EC0-301F-11D3-BF4B-00C04F79EFBC}") = "DataAccess.Repositories.Concrete", "DataAccess.Repositories.Concrete\DataAccess.Repositories.Concrete.csproj", "{18ECAE8E-266E-4754-9BB2-29A583672904}"
EndProject
Project("{FAE04EC0-301F-11D3-BF4B-00C04F79EFBC}") = "DataAccess.Repositories.Abstract", "DataAccess.Repositories.Abstract\DataAccess.Repositories.Abstract.csproj", "{87EDB68D-60F2-48E7-BCD4-F59FFF5461F5}"
EndProject
Project("{FAE04EC0-301F-11D3-BF4B-00C04F79EFBC}") = "DataAccess.Param.Repositories.Abstract", "DataAccess.Param.Repositories.Abstract\DataAccess.Param.Repositories.Abstract.csproj", "{26561F0B-4B31-493E-AC8C-D4B7B7DD8DE4}"
EndProject
Project("{FAE04EC0-301F-11D3-BF4B-00C04F79EFBC}") = "DataAccess.Param.Repositories.Concrete", "DataAccess.Param.Repositories.Concrete\DataAccess.Param.Repositories.Concrete.csproj", "{A02CE04E-5AA2-4EE4-A652-10CD00A3711C}"
EndProject
Project("{FAE04EC0-301F-11D3-BF4B-00C04F79EFBC}") = "DataAccess.ParamCollection.Repositories.Abstract", "DataAccess.ParamCollection.Repositories.Abstract\DataAccess.ParamCollection.Repositories.Abstract.csproj", "{68C00E46-1BE4-48EB-83EB-CFEB9D9A6898}"
EndProject
Project("{FAE04EC0-301F-11D3-BF4B-00C04F79EFBC}") = "DataAccess.ParamCollection.Repositories.Concrete", "DataAccess.ParamCollection.Repositories.Concrete\DataAccess.ParamCollection.Repositories.Concrete.csproj", "{EA9FADFB-CF30-45E1-9184-474A487EC457}"
EndProject
Project("{FAE04EC0-301F-11D3-BF4B-00C04F79EFBC}") = "DataAccess.Core.Abstract", "DataAccess.Core.Abstract\DataAccess.Core.Abstract.csproj", "{6D80CBDA-BF83-4BC4-AEAA-5A2D066C435E}"
EndProject
Project("{FAE04EC0-301F-11D3-BF4B-00C04F79EFBC}") = "DataAccess.Core.Concrete", "DataAccess.Core.Concrete\DataAccess.Core.Concrete.csproj", "{6B2218E1-7996-4EF6-8599-9C5AED9E0E4C}"
EndProject
Project("{FAE04EC0-301F-11D3-BF4B-00C04F79EFBC}") = "DataAccess.ColumnProvider.Abstract", "DataAccess.ColumnProvider.Abstract\DataAccess.ColumnProvider.Abstract.csproj", "{A229AD48-4B66-4B33-A0C9-4BF26E626038}"
EndProject
Project("{FAE04EC0-301F-11D3-BF4B-00C04F79EFBC}") = "DataAccess.ColumnProvider.Concrete", "DataAccess.ColumnProvider.Concrete\DataAccess.ColumnProvider.Concrete.csproj", "{0F4432C8-26C6-4843-A075-C9AC74F0A79B}"
EndProject
Project("{C8D11400-126E-41CD-887F-60BD40844F9E}") = "DataAccess.Database", "DataAccess.Database\DataAccess.Database.dbproj", "{67CBC824-A49E-4E9B-A947-360F3DFE65C3}"
EndProject
Project("{FAE04EC0-301F-11D3-BF4B-00C04F79EFBC}") = "DataAccess.Tests", "DataAccess.Tests\DataAccess.Tests.csproj", "{FC7ADA2C-3256-42CA-8D2A-6F9E39285C68}"
EndProject
Project("{FAE04EC0-301F-11D3-BF4B-00C04F79EFBC}") = "DataAccess.Param.Helpers.Abstract", "DataAccess.Param.Helpers.Abstract\DataAccess.Param.Helpers.Abstract.csproj", "{63DBA314-3C84-4AA5-BB01-4B0B1C1DBE19}"
EndProject
Project("{FAE04EC0-301F-11D3-BF4B-00C04F79EFBC}") = "DataAccess.Param.Helpers.Concrete", "DataAccess.Param.Helpers.Concrete\DataAccess.Param.Helpers.Concrete.csproj", "{765A43BF-2932-48DD-82E9-13DFE3CF9330}"
EndProject
Project("{FAE04EC0-301F-11D3-BF4B-00C04F79EFBC}") = "DataAccess.Entities.Abstract", "DataAccess.Entities.Abstract\DataAccess.Entities.Abstract.csproj", "{74F3E0FE-FB8A-419E-BD1B-97309F7AB331}"
EndProject
Project("{FAE04EC0-301F-11D3-BF4B-00C04F79EFBC}") = "DataAccess.Entities.Concrete", "DataAccess.Entities.Concrete\DataAccess.Entities.Concrete.csproj", "{731053E5-8F84-4E27-945E-9C522527E702}"
EndProject
Project("{FAE04EC0-301F-11D3-BF4B-00C04F79EFBC}") = "DataAccess.Mapping.Concrete", "DataAccess.Mapping.Concrete\DataAccess.Mapping.Concrete.csproj", "{C25AD794-A053-4989-9E86-6695EC8375B7}"
EndProject
Global
	GlobalSection(SolutionConfigurationPlatforms) = preSolution
		Debug|Any CPU = Debug|Any CPU
		Release|Any CPU = Release|Any CPU
	EndGlobalSection
	GlobalSection(ProjectConfigurationPlatforms) = postSolution
		{18ECAE8E-266E-4754-9BB2-29A583672904}.Debug|Any CPU.ActiveCfg = Debug|Any CPU
		{18ECAE8E-266E-4754-9BB2-29A583672904}.Debug|Any CPU.Build.0 = Debug|Any CPU
		{18ECAE8E-266E-4754-9BB2-29A583672904}.Release|Any CPU.ActiveCfg = Release|Any CPU
		{18ECAE8E-266E-4754-9BB2-29A583672904}.Release|Any CPU.Build.0 = Release|Any CPU
		{87EDB68D-60F2-48E7-BCD4-F59FFF5461F5}.Debug|Any CPU.ActiveCfg = Debug|Any CPU
		{87EDB68D-60F2-48E7-BCD4-F59FFF5461F5}.Debug|Any CPU.Build.0 = Debug|Any CPU
		{87EDB68D-60F2-48E7-BCD4-F59FFF5461F5}.Release|Any CPU.ActiveCfg = Release|Any CPU
		{87EDB68D-60F2-48E7-BCD4-F59FFF5461F5}.Release|Any CPU.Build.0 = Release|Any CPU
		{26561F0B-4B31-493E-AC8C-D4B7B7DD8DE4}.Debug|Any CPU.ActiveCfg = Debug|Any CPU
		{26561F0B-4B31-493E-AC8C-D4B7B7DD8DE4}.Debug|Any CPU.Build.0 = Debug|Any CPU
		{26561F0B-4B31-493E-AC8C-D4B7B7DD8DE4}.Release|Any CPU.ActiveCfg = Release|Any CPU
		{26561F0B-4B31-493E-AC8C-D4B7B7DD8DE4}.Release|Any CPU.Build.0 = Release|Any CPU
		{A02CE04E-5AA2-4EE4-A652-10CD00A3711C}.Debug|Any CPU.ActiveCfg = Debug|Any CPU
		{A02CE04E-5AA2-4EE4-A652-10CD00A3711C}.Debug|Any CPU.Build.0 = Debug|Any CPU
		{A02CE04E-5AA2-4EE4-A652-10CD00A3711C}.Release|Any CPU.ActiveCfg = Release|Any CPU
		{A02CE04E-5AA2-4EE4-A652-10CD00A3711C}.Release|Any CPU.Build.0 = Release|Any CPU
		{68C00E46-1BE4-48EB-83EB-CFEB9D9A6898}.Debug|Any CPU.ActiveCfg = Debug|Any CPU
		{68C00E46-1BE4-48EB-83EB-CFEB9D9A6898}.Debug|Any CPU.Build.0 = Debug|Any CPU
		{68C00E46-1BE4-48EB-83EB-CFEB9D9A6898}.Release|Any CPU.ActiveCfg = Release|Any CPU
		{68C00E46-1BE4-48EB-83EB-CFEB9D9A6898}.Release|Any CPU.Build.0 = Release|Any CPU
		{EA9FADFB-CF30-45E1-9184-474A487EC457}.Debug|Any CPU.ActiveCfg = Debug|Any CPU
		{EA9FADFB-CF30-45E1-9184-474A487EC457}.Debug|Any CPU.Build.0 = Debug|Any CPU
		{EA9FADFB-CF30-45E1-9184-474A487EC457}.Release|Any CPU.ActiveCfg = Release|Any CPU
		{EA9FADFB-CF30-45E1-9184-474A487EC457}.Release|Any CPU.Build.0 = Release|Any CPU
		{6D80CBDA-BF83-4BC4-AEAA-5A2D066C435E}.Debug|Any CPU.ActiveCfg = Debug|Any CPU
		{6D80CBDA-BF83-4BC4-AEAA-5A2D066C435E}.Debug|Any CPU.Build.0 = Debug|Any CPU
		{6D80CBDA-BF83-4BC4-AEAA-5A2D066C435E}.Release|Any CPU.ActiveCfg = Release|Any CPU
		{6D80CBDA-BF83-4BC4-AEAA-5A2D066C435E}.Release|Any CPU.Build.0 = Release|Any CPU
		{6B2218E1-7996-4EF6-8599-9C5AED9E0E4C}.Debug|Any CPU.ActiveCfg = Debug|Any CPU
		{6B2218E1-7996-4EF6-8599-9C5AED9E0E4C}.Debug|Any CPU.Build.0 = Debug|Any CPU
		{6B2218E1-7996-4EF6-8599-9C5AED9E0E4C}.Release|Any CPU.ActiveCfg = Release|Any CPU
		{6B2218E1-7996-4EF6-8599-9C5AED9E0E4C}.Release|Any CPU.Build.0 = Release|Any CPU
		{A229AD48-4B66-4B33-A0C9-4BF26E626038}.Debug|Any CPU.ActiveCfg = Debug|Any CPU
		{A229AD48-4B66-4B33-A0C9-4BF26E626038}.Debug|Any CPU.Build.0 = Debug|Any CPU
		{A229AD48-4B66-4B33-A0C9-4BF26E626038}.Release|Any CPU.ActiveCfg = Release|Any CPU
		{A229AD48-4B66-4B33-A0C9-4BF26E626038}.Release|Any CPU.Build.0 = Release|Any CPU
		{0F4432C8-26C6-4843-A075-C9AC74F0A79B}.Debug|Any CPU.ActiveCfg = Debug|Any CPU
		{0F4432C8-26C6-4843-A075-C9AC74F0A79B}.Debug|Any CPU.Build.0 = Debug|Any CPU
		{0F4432C8-26C6-4843-A075-C9AC74F0A79B}.Release|Any CPU.ActiveCfg = Release|Any CPU
		{0F4432C8-26C6-4843-A075-C9AC74F0A79B}.Release|Any CPU.Build.0 = Release|Any CPU
		{67CBC824-A49E-4E9B-A947-360F3DFE65C3}.Debug|Any CPU.ActiveCfg = Debug|Any CPU
		{67CBC824-A49E-4E9B-A947-360F3DFE65C3}.Debug|Any CPU.Build.0 = Debug|Any CPU
		{67CBC824-A49E-4E9B-A947-360F3DFE65C3}.Debug|Any CPU.Deploy.0 = Debug|Any CPU
		{67CBC824-A49E-4E9B-A947-360F3DFE65C3}.Release|Any CPU.ActiveCfg = Release|Any CPU
		{67CBC824-A49E-4E9B-A947-360F3DFE65C3}.Release|Any CPU.Build.0 = Release|Any CPU
		{67CBC824-A49E-4E9B-A947-360F3DFE65C3}.Release|Any CPU.Deploy.0 = Release|Any CPU
		{FC7ADA2C-3256-42CA-8D2A-6F9E39285C68}.Debug|Any CPU.ActiveCfg = Debug|Any CPU
		{FC7ADA2C-3256-42CA-8D2A-6F9E39285C68}.Debug|Any CPU.Build.0 = Debug|Any CPU
		{FC7ADA2C-3256-42CA-8D2A-6F9E39285C68}.Release|Any CPU.ActiveCfg = Release|Any CPU
		{FC7ADA2C-3256-42CA-8D2A-6F9E39285C68}.Release|Any CPU.Build.0 = Release|Any CPU
		{63DBA314-3C84-4AA5-BB01-4B0B1C1DBE19}.Debug|Any CPU.ActiveCfg = Debug|Any CPU
		{63DBA314-3C84-4AA5-BB01-4B0B1C1DBE19}.Debug|Any CPU.Build.0 = Debug|Any CPU
		{63DBA314-3C84-4AA5-BB01-4B0B1C1DBE19}.Release|Any CPU.ActiveCfg = Release|Any CPU
		{63DBA314-3C84-4AA5-BB01-4B0B1C1DBE19}.Release|Any CPU.Build.0 = Release|Any CPU
		{765A43BF-2932-48DD-82E9-13DFE3CF9330}.Debug|Any CPU.ActiveCfg = Debug|Any CPU
		{765A43BF-2932-48DD-82E9-13DFE3CF9330}.Debug|Any CPU.Build.0 = Debug|Any CPU
		{765A43BF-2932-48DD-82E9-13DFE3CF9330}.Release|Any CPU.ActiveCfg = Release|Any CPU
		{765A43BF-2932-48DD-82E9-13DFE3CF9330}.Release|Any CPU.Build.0 = Release|Any CPU
		{74F3E0FE-FB8A-419E-BD1B-97309F7AB331}.Debug|Any CPU.ActiveCfg = Debug|Any CPU
		{74F3E0FE-FB8A-419E-BD1B-97309F7AB331}.Debug|Any CPU.Build.0 = Debug|Any CPU
		{74F3E0FE-FB8A-419E-BD1B-97309F7AB331}.Release|Any CPU.ActiveCfg = Release|Any CPU
		{74F3E0FE-FB8A-419E-BD1B-97309F7AB331}.Release|Any CPU.Build.0 = Release|Any CPU
		{731053E5-8F84-4E27-945E-9C522527E702}.Debug|Any CPU.ActiveCfg = Debug|Any CPU
		{731053E5-8F84-4E27-945E-9C522527E702}.Debug|Any CPU.Build.0 = Debug|Any CPU
		{731053E5-8F84-4E27-945E-9C522527E702}.Release|Any CPU.ActiveCfg = Release|Any CPU
		{731053E5-8F84-4E27-945E-9C522527E702}.Release|Any CPU.Build.0 = Release|Any CPU
		{C25AD794-A053-4989-9E86-6695EC8375B7}.Debug|Any CPU.ActiveCfg = Debug|Any CPU
		{C25AD794-A053-4989-9E86-6695EC8375B7}.Debug|Any CPU.Build.0 = Debug|Any CPU
		{C25AD794-A053-4989-9E86-6695EC8375B7}.Release|Any CPU.ActiveCfg = Release|Any CPU
		{C25AD794-A053-4989-9E86-6695EC8375B7}.Release|Any CPU.Build.0 = Release|Any CPU
	EndGlobalSection
	GlobalSection(SolutionProperties) = preSolution
		HideSolutionNode = FALSE
	EndGlobalSection
EndGlobal
